
Microsoft Visual Studio Solution File, Format Version 12.00
# Visual Studio Version 17
VisualStudioVersion = 17.6.33723.286
MinimumVisualStudioVersion = 10.0.40219.1
Project("{FAE04EC0-301F-11D3-BF4B-00C04F79EFBC}") = "hdungx.API", "hdungx.API\hdungx.API.csproj", "{B9DE67A8-89A3-4559-B258-1ECC67F38EBC}"
EndProject
Global
	GlobalSection(SolutionConfigurationPlatforms) = preSolution
		Debug|Any CPU = Debug|Any CPU
		Release|Any CPU = Release|Any CPU
	EndGlobalSection
	GlobalSection(ProjectConfigurationPlatforms) = postSolution
		{B9DE67A8-89A3-4559-B258-1ECC67F38EBC}.Debug|Any CPU.ActiveCfg = Debug|Any CPU
		{B9DE67A8-89A3-4559-B258-1ECC67F38EBC}.Debug|Any CPU.Build.0 = Debug|Any CPU
		{B9DE67A8-89A3-4559-B258-1ECC67F38EBC}.Release|Any CPU.ActiveCfg = Release|Any CPU
		{B9DE67A8-89A3-4559-B258-1ECC67F38EBC}.Release|Any CPU.Build.0 = Release|Any CPU
	EndGlobalSection
	GlobalSection(SolutionProperties) = preSolution
		HideSolutionNode = FALSE
	EndGlobalSection
	GlobalSection(ExtensibilityGlobals) = postSolution
		SolutionGuid = {4D8378E3-1451-40C8-96B1-A3401C2CB840}
	EndGlobalSection
EndGlobal
